
Microsoft Visual Studio Solution File, Format Version 12.00
Project("{FAE04EC0-301F-11D3-BF4B-00C04F79EFBC}") = "GeneticAlgorithm", "GeneticAlgorithm\GeneticAlgorithm.csproj", "{2F297FEA-1AAF-4DB3-8D07-30E31DF630F2}"
EndProject
Project("{FAE04EC0-301F-11D3-BF4B-00C04F79EFBC}") = "MutatedRug.GUI", "MutatedRug.GUI\MutatedRug.GUI.csproj", "{E46DD1CB-F8CE-494E-8375-D6DB1FD5A0DB}"
EndProject
Project("{FAE04EC0-301F-11D3-BF4B-00C04F79EFBC}") = "ValueComparision", "ValueComparision\ValueComparision.csproj", "{65C6BBB1-66B2-464D-9D47-D19BCA6EE0FF}"
EndProject
Project("{FAE04EC0-301F-11D3-BF4B-00C04F79EFBC}") = "MutatedRug", "MutatedRug\MutatedRug.csproj", "{77D45CD6-54B9-4188-9241-D897A53091A5}"
EndProject
Project("{FAE04EC0-301F-11D3-BF4B-00C04F79EFBC}") = "XOR", "XOR\XOR.csproj", "{7F321345-2ABA-4DC1-8290-2034AAB2C2EB}"
EndProject
Project("{FAE04EC0-301F-11D3-BF4B-00C04F79EFBC}") = "ValueComparison.GUI", "ValueComparison.GUI\ValueComparison.GUI.csproj", "{E73971B1-BA2B-4C40-B778-D58F03FCF062}"
EndProject
Project("{FAE04EC0-301F-11D3-BF4B-00C04F79EFBC}") = "XOR.GUI", "XOR.GUI\XOR.GUI.csproj", "{37DA9540-885C-4631-BAA9-B32EB9F7D9CF}"
EndProject
Global
	GlobalSection(SolutionConfigurationPlatforms) = preSolution
		Debug|Any CPU = Debug|Any CPU
		Release|Any CPU = Release|Any CPU
	EndGlobalSection
	GlobalSection(ProjectConfigurationPlatforms) = postSolution
		{2F297FEA-1AAF-4DB3-8D07-30E31DF630F2}.Debug|Any CPU.ActiveCfg = Debug|Any CPU
		{2F297FEA-1AAF-4DB3-8D07-30E31DF630F2}.Debug|Any CPU.Build.0 = Debug|Any CPU
		{2F297FEA-1AAF-4DB3-8D07-30E31DF630F2}.Release|Any CPU.ActiveCfg = Release|Any CPU
		{2F297FEA-1AAF-4DB3-8D07-30E31DF630F2}.Release|Any CPU.Build.0 = Release|Any CPU
		{E46DD1CB-F8CE-494E-8375-D6DB1FD5A0DB}.Debug|Any CPU.ActiveCfg = Debug|Any CPU
		{E46DD1CB-F8CE-494E-8375-D6DB1FD5A0DB}.Debug|Any CPU.Build.0 = Debug|Any CPU
		{E46DD1CB-F8CE-494E-8375-D6DB1FD5A0DB}.Release|Any CPU.ActiveCfg = Release|Any CPU
		{E46DD1CB-F8CE-494E-8375-D6DB1FD5A0DB}.Release|Any CPU.Build.0 = Release|Any CPU
		{65C6BBB1-66B2-464D-9D47-D19BCA6EE0FF}.Debug|Any CPU.ActiveCfg = Debug|Any CPU
		{65C6BBB1-66B2-464D-9D47-D19BCA6EE0FF}.Debug|Any CPU.Build.0 = Debug|Any CPU
		{65C6BBB1-66B2-464D-9D47-D19BCA6EE0FF}.Release|Any CPU.ActiveCfg = Release|Any CPU
		{65C6BBB1-66B2-464D-9D47-D19BCA6EE0FF}.Release|Any CPU.Build.0 = Release|Any CPU
		{77D45CD6-54B9-4188-9241-D897A53091A5}.Debug|Any CPU.ActiveCfg = Debug|Any CPU
		{77D45CD6-54B9-4188-9241-D897A53091A5}.Debug|Any CPU.Build.0 = Debug|Any CPU
		{77D45CD6-54B9-4188-9241-D897A53091A5}.Release|Any CPU.ActiveCfg = Release|Any CPU
		{77D45CD6-54B9-4188-9241-D897A53091A5}.Release|Any CPU.Build.0 = Release|Any CPU
		{7F321345-2ABA-4DC1-8290-2034AAB2C2EB}.Debug|Any CPU.ActiveCfg = Debug|Any CPU
		{7F321345-2ABA-4DC1-8290-2034AAB2C2EB}.Debug|Any CPU.Build.0 = Debug|Any CPU
		{7F321345-2ABA-4DC1-8290-2034AAB2C2EB}.Release|Any CPU.ActiveCfg = Release|Any CPU
		{7F321345-2ABA-4DC1-8290-2034AAB2C2EB}.Release|Any CPU.Build.0 = Release|Any CPU
		{E73971B1-BA2B-4C40-B778-D58F03FCF062}.Debug|Any CPU.ActiveCfg = Debug|Any CPU
		{E73971B1-BA2B-4C40-B778-D58F03FCF062}.Debug|Any CPU.Build.0 = Debug|Any CPU
		{E73971B1-BA2B-4C40-B778-D58F03FCF062}.Release|Any CPU.ActiveCfg = Release|Any CPU
		{E73971B1-BA2B-4C40-B778-D58F03FCF062}.Release|Any CPU.Build.0 = Release|Any CPU
		{37DA9540-885C-4631-BAA9-B32EB9F7D9CF}.Debug|Any CPU.ActiveCfg = Debug|Any CPU
		{37DA9540-885C-4631-BAA9-B32EB9F7D9CF}.Debug|Any CPU.Build.0 = Debug|Any CPU
		{37DA9540-885C-4631-BAA9-B32EB9F7D9CF}.Release|Any CPU.ActiveCfg = Release|Any CPU
		{37DA9540-885C-4631-BAA9-B32EB9F7D9CF}.Release|Any CPU.Build.0 = Release|Any CPU
	EndGlobalSection
EndGlobal
